
Microsoft Visual Studio Solution File, Format Version 12.00
# Visual Studio Version 17
VisualStudioVersion = 17.5.002.0
MinimumVisualStudioVersion = 10.0.40219.1
Project("{2150E333-8FDC-42A3-9474-1A3956D46DE8}") = "csharp-prep", "csharp-prep", "{27C5D4C5-A67F-4C80-9BBF-61EF9C9E2703}"
EndProject
Project("{9A19103F-16F7-4668-BE54-9A1E7A4F7556}") = "Prep1", "csharp-prep\Prep1\Prep1.csproj", "{CCBCF2BF-BE30-4A90-83F9-026B073E57E7}"
EndProject
Project("{9A19103F-16F7-4668-BE54-9A1E7A4F7556}") = "Prep2", "csharp-prep\Prep2\Prep2.csproj", "{BF926672-AA3F-4EFE-BD9A-15407E3B1105}"
EndProject
Project("{9A19103F-16F7-4668-BE54-9A1E7A4F7556}") = "Prep3", "csharp-prep\Prep3\Prep3.csproj", "{AD0834B8-248C-4C1C-AEEF-1A92DD7DBC1C}"
EndProject
Project("{9A19103F-16F7-4668-BE54-9A1E7A4F7556}") = "Prep4", "csharp-prep\Prep4\Prep4.csproj", "{1AA3AEF0-830F-4BD7-8F8A-C0D8B721236E}"
EndProject
Project("{9A19103F-16F7-4668-BE54-9A1E7A4F7556}") = "Prep5", "csharp-prep\Prep5\Prep5.csproj", "{0FD05411-3D8D-4B6B-AB14-3B13355538C4}"
EndProject
Project("{2150E333-8FDC-42A3-9474-1A3956D46DE8}") = "final", "final", "{6F74BF1E-5628-438A-AC3C-11F814091DFD}"
EndProject
Project("{9A19103F-16F7-4668-BE54-9A1E7A4F7556}") = "FinalProject", "final\FinalProject\FinalProject.csproj", "{8BEA783C-0CC0-4E38-BD2D-45C6BD5A7AD8}"
EndProject
Project("{9A19103F-16F7-4668-BE54-9A1E7A4F7556}") = "Foundation1", "final\Foundation1\Foundation1.csproj", "{D6FD839C-795A-4D53-86A6-F37DEF435CE6}"
EndProject
Project("{9A19103F-16F7-4668-BE54-9A1E7A4F7556}") = "Foundation2", "final\Foundation2\Foundation2.csproj", "{BC2E2ADD-10AB-4ECE-89B2-FEEBA4EE8CB7}"
EndProject
Project("{9A19103F-16F7-4668-BE54-9A1E7A4F7556}") = "Foundation3", "final\Foundation3\Foundation3.csproj", "{5496DB10-5296-4A23-B465-C8AA197A4EB7}"
EndProject
Project("{9A19103F-16F7-4668-BE54-9A1E7A4F7556}") = "Foundation4", "final\Foundation4\Foundation4.csproj", "{C1AA8507-99EC-47F7-91F3-3C95BB22E417}"
EndProject
Project("{2150E333-8FDC-42A3-9474-1A3956D46DE8}") = "prepare", "prepare", "{9336F4B6-05AC-48BB-9304-D97D565F6F30}"
EndProject
Project("{9A19103F-16F7-4668-BE54-9A1E7A4F7556}") = "Learning02", "prepare\Learning02\Learning02.csproj", "{1BB008DE-4AC0-49FD-82FC-60F009DDA7CC}"
EndProject
Project("{9A19103F-16F7-4668-BE54-9A1E7A4F7556}") = "Learning03", "prepare\Learning03\Learning03.csproj", "{6D810D7F-10B0-4BA1-AF72-4FD8AA979B80}"
EndProject
Project("{9A19103F-16F7-4668-BE54-9A1E7A4F7556}") = "Learning04", "prepare\Learning04\Learning04.csproj", "{D1123F4E-B389-4D70-BE09-2C8A90EEA87A}"
EndProject
Project("{9A19103F-16F7-4668-BE54-9A1E7A4F7556}") = "Learning05", "prepare\Learning05\Learning05.csproj", "{B81748E6-0BE8-4850-B06B-C2D5F147B3BD}"
EndProject
Project("{2150E333-8FDC-42A3-9474-1A3956D46DE8}") = "prove", "prove", "{D9C9D55B-AB46-4506-ADD4-E46F2CFEEDDE}"
EndProject
Project("{9A19103F-16F7-4668-BE54-9A1E7A4F7556}") = "Develop02", "prove\Develop02\Develop02.csproj", "{31BE38A3-2885-4D7C-A83E-4D3E3F501E37}"
EndProject
Project("{9A19103F-16F7-4668-BE54-9A1E7A4F7556}") = "Develop03", "prove\Develop03\Develop03.csproj", "{B99F05E9-46D5-42FD-994C-3BC1CACFF079}"
EndProject
Project("{9A19103F-16F7-4668-BE54-9A1E7A4F7556}") = "Develop04", "prove\Develop04\Develop04.csproj", "{2AD303E4-7FF0-49C3-A6B8-72913AE70F70}"
EndProject
Project("{9A19103F-16F7-4668-BE54-9A1E7A4F7556}") = "Develop05", "prove\Develop05\Develop05.csproj", "{DA891C6E-9E09-4BA5-BFB6-31B3B0FC5AC3}"
EndProject
Project("{2150E333-8FDC-42A3-9474-1A3956D46DE8}") = "sandbox", "sandbox", "{4C904AEA-1FAE-4647-A5D1-A37B58114054}"
EndProject
Project("{9A19103F-16F7-4668-BE54-9A1E7A4F7556}") = "Sandbox", "sandbox\Sandbox\Sandbox.csproj", "{D7C0AD6C-285D-467F-B24C-ACF3DCD8F3A7}"
EndProject
Global
	GlobalSection(SolutionConfigurationPlatforms) = preSolution
		Debug|Any CPU = Debug|Any CPU
		Release|Any CPU = Release|Any CPU
	EndGlobalSection
	GlobalSection(ProjectConfigurationPlatforms) = postSolution
		{CCBCF2BF-BE30-4A90-83F9-026B073E57E7}.Debug|Any CPU.ActiveCfg = Debug|Any CPU
		{CCBCF2BF-BE30-4A90-83F9-026B073E57E7}.Debug|Any CPU.Build.0 = Debug|Any CPU
		{CCBCF2BF-BE30-4A90-83F9-026B073E57E7}.Release|Any CPU.ActiveCfg = Release|Any CPU
		{CCBCF2BF-BE30-4A90-83F9-026B073E57E7}.Release|Any CPU.Build.0 = Release|Any CPU
		{BF926672-AA3F-4EFE-BD9A-15407E3B1105}.Debug|Any CPU.ActiveCfg = Debug|Any CPU
		{BF926672-AA3F-4EFE-BD9A-15407E3B1105}.Debug|Any CPU.Build.0 = Debug|Any CPU
		{BF926672-AA3F-4EFE-BD9A-15407E3B1105}.Release|Any CPU.ActiveCfg = Release|Any CPU
		{BF926672-AA3F-4EFE-BD9A-15407E3B1105}.Release|Any CPU.Build.0 = Release|Any CPU
		{AD0834B8-248C-4C1C-AEEF-1A92DD7DBC1C}.Debug|Any CPU.ActiveCfg = Debug|Any CPU
		{AD0834B8-248C-4C1C-AEEF-1A92DD7DBC1C}.Debug|Any CPU.Build.0 = Debug|Any CPU
		{AD0834B8-248C-4C1C-AEEF-1A92DD7DBC1C}.Release|Any CPU.ActiveCfg = Release|Any CPU
		{AD0834B8-248C-4C1C-AEEF-1A92DD7DBC1C}.Release|Any CPU.Build.0 = Release|Any CPU
		{1AA3AEF0-830F-4BD7-8F8A-C0D8B721236E}.Debug|Any CPU.ActiveCfg = Debug|Any CPU
		{1AA3AEF0-830F-4BD7-8F8A-C0D8B721236E}.Debug|Any CPU.Build.0 = Debug|Any CPU
		{1AA3AEF0-830F-4BD7-8F8A-C0D8B721236E}.Release|Any CPU.ActiveCfg = Release|Any CPU
		{1AA3AEF0-830F-4BD7-8F8A-C0D8B721236E}.Release|Any CPU.Build.0 = Release|Any CPU
		{0FD05411-3D8D-4B6B-AB14-3B13355538C4}.Debug|Any CPU.ActiveCfg = Debug|Any CPU
		{0FD05411-3D8D-4B6B-AB14-3B13355538C4}.Debug|Any CPU.Build.0 = Debug|Any CPU
		{0FD05411-3D8D-4B6B-AB14-3B13355538C4}.Release|Any CPU.ActiveCfg = Release|Any CPU
		{0FD05411-3D8D-4B6B-AB14-3B13355538C4}.Release|Any CPU.Build.0 = Release|Any CPU
		{8BEA783C-0CC0-4E38-BD2D-45C6BD5A7AD8}.Debug|Any CPU.ActiveCfg = Debug|Any CPU
		{8BEA783C-0CC0-4E38-BD2D-45C6BD5A7AD8}.Debug|Any CPU.Build.0 = Debug|Any CPU
		{8BEA783C-0CC0-4E38-BD2D-45C6BD5A7AD8}.Release|Any CPU.ActiveCfg = Release|Any CPU
		{8BEA783C-0CC0-4E38-BD2D-45C6BD5A7AD8}.Release|Any CPU.Build.0 = Release|Any CPU
		{D6FD839C-795A-4D53-86A6-F37DEF435CE6}.Debug|Any CPU.ActiveCfg = Debug|Any CPU
		{D6FD839C-795A-4D53-86A6-F37DEF435CE6}.Debug|Any CPU.Build.0 = Debug|Any CPU
		{D6FD839C-795A-4D53-86A6-F37DEF435CE6}.Release|Any CPU.ActiveCfg = Release|Any CPU
		{D6FD839C-795A-4D53-86A6-F37DEF435CE6}.Release|Any CPU.Build.0 = Release|Any CPU
		{BC2E2ADD-10AB-4ECE-89B2-FEEBA4EE8CB7}.Debug|Any CPU.ActiveCfg = Debug|Any CPU
		{BC2E2ADD-10AB-4ECE-89B2-FEEBA4EE8CB7}.Debug|Any CPU.Build.0 = Debug|Any CPU
		{BC2E2ADD-10AB-4ECE-89B2-FEEBA4EE8CB7}.Release|Any CPU.ActiveCfg = Release|Any CPU
		{BC2E2ADD-10AB-4ECE-89B2-FEEBA4EE8CB7}.Release|Any CPU.Build.0 = Release|Any CPU
		{5496DB10-5296-4A23-B465-C8AA197A4EB7}.Debug|Any CPU.ActiveCfg = Debug|Any CPU
		{5496DB10-5296-4A23-B465-C8AA197A4EB7}.Debug|Any CPU.Build.0 = Debug|Any CPU
		{5496DB10-5296-4A23-B465-C8AA197A4EB7}.Release|Any CPU.ActiveCfg = Release|Any CPU
		{5496DB10-5296-4A23-B465-C8AA197A4EB7}.Release|Any CPU.Build.0 = Release|Any CPU
		{C1AA8507-99EC-47F7-91F3-3C95BB22E417}.Debug|Any CPU.ActiveCfg = Debug|Any CPU
		{C1AA8507-99EC-47F7-91F3-3C95BB22E417}.Debug|Any CPU.Build.0 = Debug|Any CPU
		{C1AA8507-99EC-47F7-91F3-3C95BB22E417}.Release|Any CPU.ActiveCfg = Release|Any CPU
		{C1AA8507-99EC-47F7-91F3-3C95BB22E417}.Release|Any CPU.Build.0 = Release|Any CPU
		{1BB008DE-4AC0-49FD-82FC-60F009DDA7CC}.Debug|Any CPU.ActiveCfg = Debug|Any CPU
		{1BB008DE-4AC0-49FD-82FC-60F009DDA7CC}.Debug|Any CPU.Build.0 = Debug|Any CPU
		{1BB008DE-4AC0-49FD-82FC-60F009DDA7CC}.Release|Any CPU.ActiveCfg = Release|Any CPU
		{1BB008DE-4AC0-49FD-82FC-60F009DDA7CC}.Release|Any CPU.Build.0 = Release|Any CPU
		{6D810D7F-10B0-4BA1-AF72-4FD8AA979B80}.Debug|Any CPU.ActiveCfg = Debug|Any CPU
		{6D810D7F-10B0-4BA1-AF72-4FD8AA979B80}.Debug|Any CPU.Build.0 = Debug|Any CPU
		{6D810D7F-10B0-4BA1-AF72-4FD8AA979B80}.Release|Any CPU.ActiveCfg = Release|Any CPU
		{6D810D7F-10B0-4BA1-AF72-4FD8AA979B80}.Release|Any CPU.Build.0 = Release|Any CPU
		{D1123F4E-B389-4D70-BE09-2C8A90EEA87A}.Debug|Any CPU.ActiveCfg = Debug|Any CPU
		{D1123F4E-B389-4D70-BE09-2C8A90EEA87A}.Debug|Any CPU.Build.0 = Debug|Any CPU
		{D1123F4E-B389-4D70-BE09-2C8A90EEA87A}.Release|Any CPU.ActiveCfg = Release|Any CPU
		{D1123F4E-B389-4D70-BE09-2C8A90EEA87A}.Release|Any CPU.Build.0 = Release|Any CPU
		{B81748E6-0BE8-4850-B06B-C2D5F147B3BD}.Debug|Any CPU.ActiveCfg = Debug|Any CPU
		{B81748E6-0BE8-4850-B06B-C2D5F147B3BD}.Debug|Any CPU.Build.0 = Debug|Any CPU
		{B81748E6-0BE8-4850-B06B-C2D5F147B3BD}.Release|Any CPU.ActiveCfg = Release|Any CPU
		{B81748E6-0BE8-4850-B06B-C2D5F147B3BD}.Release|Any CPU.Build.0 = Release|Any CPU
		{31BE38A3-2885-4D7C-A83E-4D3E3F501E37}.Debug|Any CPU.ActiveCfg = Debug|Any CPU
		{31BE38A3-2885-4D7C-A83E-4D3E3F501E37}.Debug|Any CPU.Build.0 = Debug|Any CPU
		{31BE38A3-2885-4D7C-A83E-4D3E3F501E37}.Release|Any CPU.ActiveCfg = Release|Any CPU
		{31BE38A3-2885-4D7C-A83E-4D3E3F501E37}.Release|Any CPU.Build.0 = Release|Any CPU
		{B99F05E9-46D5-42FD-994C-3BC1CACFF079}.Debug|Any CPU.ActiveCfg = Debug|Any CPU
		{B99F05E9-46D5-42FD-994C-3BC1CACFF079}.Debug|Any CPU.Build.0 = Debug|Any CPU
		{B99F05E9-46D5-42FD-994C-3BC1CACFF079}.Release|Any CPU.ActiveCfg = Release|Any CPU
		{B99F05E9-46D5-42FD-994C-3BC1CACFF079}.Release|Any CPU.Build.0 = Release|Any CPU
		{2AD303E4-7FF0-49C3-A6B8-72913AE70F70}.Debug|Any CPU.ActiveCfg = Debug|Any CPU
		{2AD303E4-7FF0-49C3-A6B8-72913AE70F70}.Debug|Any CPU.Build.0 = Debug|Any CPU
		{2AD303E4-7FF0-49C3-A6B8-72913AE70F70}.Release|Any CPU.ActiveCfg = Release|Any CPU
		{2AD303E4-7FF0-49C3-A6B8-72913AE70F70}.Release|Any CPU.Build.0 = Release|Any CPU
		{DA891C6E-9E09-4BA5-BFB6-31B3B0FC5AC3}.Debug|Any CPU.ActiveCfg = Debug|Any CPU
		{DA891C6E-9E09-4BA5-BFB6-31B3B0FC5AC3}.Debug|Any CPU.Build.0 = Debug|Any CPU
		{DA891C6E-9E09-4BA5-BFB6-31B3B0FC5AC3}.Release|Any CPU.ActiveCfg = Release|Any CPU
		{DA891C6E-9E09-4BA5-BFB6-31B3B0FC5AC3}.Release|Any CPU.Build.0 = Release|Any CPU
		{D7C0AD6C-285D-467F-B24C-ACF3DCD8F3A7}.Debug|Any CPU.ActiveCfg = Debug|Any CPU
		{D7C0AD6C-285D-467F-B24C-ACF3DCD8F3A7}.Debug|Any CPU.Build.0 = Debug|Any CPU
		{D7C0AD6C-285D-467F-B24C-ACF3DCD8F3A7}.Release|Any CPU.ActiveCfg = Release|Any CPU
		{D7C0AD6C-285D-467F-B24C-ACF3DCD8F3A7}.Release|Any CPU.Build.0 = Release|Any CPU
	EndGlobalSection
	GlobalSection(SolutionProperties) = preSolution
		HideSolutionNode = FALSE
	EndGlobalSection
	GlobalSection(NestedProjects) = preSolution
		{CCBCF2BF-BE30-4A90-83F9-026B073E57E7} = {27C5D4C5-A67F-4C80-9BBF-61EF9C9E2703}
		{BF926672-AA3F-4EFE-BD9A-15407E3B1105} = {27C5D4C5-A67F-4C80-9BBF-61EF9C9E2703}
		{AD0834B8-248C-4C1C-AEEF-1A92DD7DBC1C} = {27C5D4C5-A67F-4C80-9BBF-61EF9C9E2703}
		{1AA3AEF0-830F-4BD7-8F8A-C0D8B721236E} = {27C5D4C5-A67F-4C80-9BBF-61EF9C9E2703}
		{0FD05411-3D8D-4B6B-AB14-3B13355538C4} = {27C5D4C5-A67F-4C80-9BBF-61EF9C9E2703}
		{8BEA783C-0CC0-4E38-BD2D-45C6BD5A7AD8} = {6F74BF1E-5628-438A-AC3C-11F814091DFD}
		{D6FD839C-795A-4D53-86A6-F37DEF435CE6} = {6F74BF1E-5628-438A-AC3C-11F814091DFD}
		{BC2E2ADD-10AB-4ECE-89B2-FEEBA4EE8CB7} = {6F74BF1E-5628-438A-AC3C-11F814091DFD}
		{5496DB10-5296-4A23-B465-C8AA197A4EB7} = {6F74BF1E-5628-438A-AC3C-11F814091DFD}
		{C1AA8507-99EC-47F7-91F3-3C95BB22E417} = {6F74BF1E-5628-438A-AC3C-11F814091DFD}
		{1BB008DE-4AC0-49FD-82FC-60F009DDA7CC} = {9336F4B6-05AC-48BB-9304-D97D565F6F30}
		{6D810D7F-10B0-4BA1-AF72-4FD8AA979B80} = {9336F4B6-05AC-48BB-9304-D97D565F6F30}
		{D1123F4E-B389-4D70-BE09-2C8A90EEA87A} = {9336F4B6-05AC-48BB-9304-D97D565F6F30}
		{B81748E6-0BE8-4850-B06B-C2D5F147B3BD} = {9336F4B6-05AC-48BB-9304-D97D565F6F30}
		{31BE38A3-2885-4D7C-A83E-4D3E3F501E37} = {D9C9D55B-AB46-4506-ADD4-E46F2CFEEDDE}
		{B99F05E9-46D5-42FD-994C-3BC1CACFF079} = {D9C9D55B-AB46-4506-ADD4-E46F2CFEEDDE}
		{2AD303E4-7FF0-49C3-A6B8-72913AE70F70} = {D9C9D55B-AB46-4506-ADD4-E46F2CFEEDDE}
		{DA891C6E-9E09-4BA5-BFB6-31B3B0FC5AC3} = {D9C9D55B-AB46-4506-ADD4-E46F2CFEEDDE}
		{D7C0AD6C-285D-467F-B24C-ACF3DCD8F3A7} = {4C904AEA-1FAE-4647-A5D1-A37B58114054}
	EndGlobalSection
	GlobalSection(ExtensibilityGlobals) = postSolution
		SolutionGuid = {5CFBC562-AF2C-40D4-AE00-FBEEF15FBC75}
	EndGlobalSection
EndGlobal
